
Microsoft Visual Studio Solution File, Format Version 12.00
# Visual Studio Version 17
VisualStudioVersion = 17.8.34511.84
MinimumVisualStudioVersion = 10.0.40219.1
Project("{FAE04EC0-301F-11D3-BF4B-00C04F79EFBC}") = "Tvs", "Tvs\Tvs.csproj", "{91375885-379E-4220-BB4A-CC61FBA4D4F5}"
EndProject
Global
	GlobalSection(SolutionConfigurationPlatforms) = preSolution
		Debug|Any CPU = Debug|Any CPU
		Release|Any CPU = Release|Any CPU
	EndGlobalSection
	GlobalSection(ProjectConfigurationPlatforms) = postSolution
		{91375885-379E-4220-BB4A-CC61FBA4D4F5}.Debug|Any CPU.ActiveCfg = Debug|Any CPU
		{91375885-379E-4220-BB4A-CC61FBA4D4F5}.Debug|Any CPU.Build.0 = Debug|Any CPU
		{91375885-379E-4220-BB4A-CC61FBA4D4F5}.Release|Any CPU.ActiveCfg = Release|Any CPU
		{91375885-379E-4220-BB4A-CC61FBA4D4F5}.Release|Any CPU.Build.0 = Release|Any CPU
	EndGlobalSection
	GlobalSection(SolutionProperties) = preSolution
		HideSolutionNode = FALSE
	EndGlobalSection
	GlobalSection(ExtensibilityGlobals) = postSolution
		SolutionGuid = {90533B3D-D3A6-4FF1-B03F-C0E2BDC3C15B}
	EndGlobalSection
EndGlobal
